// !$*UTF8*$!
{
	archiveVersion = 1;
	classes = {
	};
	objectVersion = 45;
	objects = {

/* Begin PBXBuildFile section */
		1D3623260D0F684500981E51 /* MyLibAppDelegate.m in Sources */ = {isa = PBXBuildFile; fileRef = 1D3623250D0F684500981E51 /* MyLibAppDelegate.m */; };
		1D60589B0D05DD56006BFB54 /* main.m in Sources */ = {isa = PBXBuildFile; fileRef = 29B97316FDCFA39411CA2CEA /* main.m */; };
		1D60589F0D05DD5A006BFB54 /* Foundation.framework in Frameworks */ = {isa = PBXBuildFile; fileRef = 1D30AB110D05D00D00671497 /* Foundation.framework */; };
		1DF5F4E00D08C38300B7A737 /* UIKit.framework in Frameworks */ = {isa = PBXBuildFile; fileRef = 1DF5F4DF0D08C38300B7A737 /* UIKit.framework */; };
		288765A50DF7441C002DB57D /* CoreGraphics.framework in Frameworks */ = {isa = PBXBuildFile; fileRef = 288765A40DF7441C002DB57D /* CoreGraphics.framework */; };
		2899E5220DE3E06400AC0155 /* MyLibViewController.xib in Resources */ = {isa = PBXBuildFile; fileRef = 2899E5210DE3E06400AC0155 /* MyLibViewController.xib */; };
		28AD733F0D9D9553002E5188 /* MainWindow.xib in Resources */ = {isa = PBXBuildFile; fileRef = 28AD733E0D9D9553002E5188 /* MainWindow.xib */; };
		28D7ACF80DDB3853001CB0EB /* MyLibViewController.m in Sources */ = {isa = PBXBuildFile; fileRef = 28D7ACF70DDB3853001CB0EB /* MyLibViewController.m */; };
		DD852918120E78E100CA061C /* MyWeb.m in Sources */ = {isa = PBXBuildFile; fileRef = DD852917120E78E100CA061C /* MyWeb.m */; };
		DD85296F120E7C8000CA061C /* NSObject+SBJSON.m in Sources */ = {isa = PBXBuildFile; fileRef = DD852964120E7C8000CA061C /* NSObject+SBJSON.m */; };
		DD852970120E7C8000CA061C /* NSString+SBJSON.m in Sources */ = {isa = PBXBuildFile; fileRef = DD852966120E7C8000CA061C /* NSString+SBJSON.m */; };
		DD852971120E7C8000CA061C /* SBJSON.m in Sources */ = {isa = PBXBuildFile; fileRef = DD852968120E7C8000CA061C /* SBJSON.m */; };
		DD852972120E7C8000CA061C /* SBJsonBase.m in Sources */ = {isa = PBXBuildFile; fileRef = DD85296A120E7C8000CA061C /* SBJsonBase.m */; };
		DD852973120E7C8000CA061C /* SBJsonParser.m in Sources */ = {isa = PBXBuildFile; fileRef = DD85296C120E7C8000CA061C /* SBJsonParser.m */; };
		DD852974120E7C8000CA061C /* SBJsonWriter.m in Sources */ = {isa = PBXBuildFile; fileRef = DD85296E120E7C8000CA061C /* SBJsonWriter.m */; };
		DD85298A120E840F00CA061C /* ExJson.m in Sources */ = {isa = PBXBuildFile; fileRef = DD852989120E840F00CA061C /* ExJson.m */; };
		DD852A6E120EAAB000CA061C /* MediaPlayer.framework in Frameworks */ = {isa = PBXBuildFile; fileRef = DD852A6D120EAAB000CA061C /* MediaPlayer.framework */; };
		DDA3A480120D4B2D00375DA1 /* MyTime.m in Sources */ = {isa = PBXBuildFile; fileRef = DDA3A47F120D4B2D00375DA1 /* MyTime.m */; };
		DDA3A4D6120D4FE300375DA1 /* MyMusic.m in Sources */ = {isa = PBXBuildFile; fileRef = DDA3A4D5120D4FE300375DA1 /* MyMusic.m */; };
/* End PBXBuildFile section */

/* Begin PBXFileReference section */
		1D30AB110D05D00D00671497 /* Foundation.framework */ = {isa = PBXFileReference; lastKnownFileType = wrapper.framework; name = Foundation.framework; path = System/Library/Frameworks/Foundation.framework; sourceTree = SDKROOT; };
		1D3623240D0F684500981E51 /* MyLibAppDelegate.h */ = {isa = PBXFileReference; fileEncoding = 4; lastKnownFileType = sourcecode.c.h; path = MyLibAppDelegate.h; sourceTree = "<group>"; };
		1D3623250D0F684500981E51 /* MyLibAppDelegate.m */ = {isa = PBXFileReference; fileEncoding = 4; lastKnownFileType = sourcecode.c.objc; path = MyLibAppDelegate.m; sourceTree = "<group>"; };
		1D6058910D05DD3D006BFB54 /* MyLib.app */ = {isa = PBXFileReference; explicitFileType = wrapper.application; includeInIndex = 0; path = MyLib.app; sourceTree = BUILT_PRODUCTS_DIR; };
		1DF5F4DF0D08C38300B7A737 /* UIKit.framework */ = {isa = PBXFileReference; lastKnownFileType = wrapper.framework; name = UIKit.framework; path = System/Library/Frameworks/UIKit.framework; sourceTree = SDKROOT; };
		288765A40DF7441C002DB57D /* CoreGraphics.framework */ = {isa = PBXFileReference; lastKnownFileType = wrapper.framework; name = CoreGraphics.framework; path = System/Library/Frameworks/CoreGraphics.framework; sourceTree = SDKROOT; };
		2899E5210DE3E06400AC0155 /* MyLibViewController.xib */ = {isa = PBXFileReference; lastKnownFileType = file.xib; path = MyLibViewController.xib; sourceTree = "<group>"; };
		28AD733E0D9D9553002E5188 /* MainWindow.xib */ = {isa = PBXFileReference; lastKnownFileType = file.xib; path = MainWindow.xib; sourceTree = "<group>"; };
		28D7ACF60DDB3853001CB0EB /* MyLibViewController.h */ = {isa = PBXFileReference; fileEncoding = 4; lastKnownFileType = sourcecode.c.h; path = MyLibViewController.h; sourceTree = "<group>"; };
		28D7ACF70DDB3853001CB0EB /* MyLibViewController.m */ = {isa = PBXFileReference; fileEncoding = 4; lastKnownFileType = sourcecode.c.objc; path = MyLibViewController.m; sourceTree = "<group>"; };
		29B97316FDCFA39411CA2CEA /* main.m */ = {isa = PBXFileReference; fileEncoding = 4; lastKnownFileType = sourcecode.c.objc; path = main.m; sourceTree = "<group>"; };
		32CA4F630368D1EE00C91783 /* MyLib_Prefix.pch */ = {isa = PBXFileReference; fileEncoding = 4; lastKnownFileType = sourcecode.c.h; path = MyLib_Prefix.pch; sourceTree = "<group>"; };
		8D1107310486CEB800E47090 /* MyLib-Info.plist */ = {isa = PBXFileReference; fileEncoding = 4; lastKnownFileType = text.plist.xml; path = "MyLib-Info.plist"; plistStructureDefinitionIdentifier = "com.apple.xcode.plist.structure-definition.iphone.info-plist"; sourceTree = "<group>"; };
		DD852916120E78E100CA061C /* MyWeb.h */ = {isa = PBXFileReference; fileEncoding = 4; lastKnownFileType = sourcecode.c.h; path = MyWeb.h; sourceTree = "<group>"; };
		DD852917120E78E100CA061C /* MyWeb.m */ = {isa = PBXFileReference; fileEncoding = 4; lastKnownFileType = sourcecode.c.objc; path = MyWeb.m; sourceTree = "<group>"; };
		DD852962120E7C8000CA061C /* JSON.h */ = {isa = PBXFileReference; fileEncoding = 4; lastKnownFileType = sourcecode.c.h; path = JSON.h; sourceTree = "<group>"; };
		DD852963120E7C8000CA061C /* NSObject+SBJSON.h */ = {isa = PBXFileReference; fileEncoding = 4; lastKnownFileType = sourcecode.c.h; path = "NSObject+SBJSON.h"; sourceTree = "<group>"; };
		DD852964120E7C8000CA061C /* NSObject+SBJSON.m */ = {isa = PBXFileReference; fileEncoding = 4; lastKnownFileType = sourcecode.c.objc; path = "NSObject+SBJSON.m"; sourceTree = "<group>"; };
		DD852965120E7C8000CA061C /* NSString+SBJSON.h */ = {isa = PBXFileReference; fileEncoding = 4; lastKnownFileType = sourcecode.c.h; path = "NSString+SBJSON.h"; sourceTree = "<group>"; };
		DD852966120E7C8000CA061C /* NSString+SBJSON.m */ = {isa = PBXFileReference; fileEncoding = 4; lastKnownFileType = sourcecode.c.objc; path = "NSString+SBJSON.m"; sourceTree = "<group>"; };
		DD852967120E7C8000CA061C /* SBJSON.h */ = {isa = PBXFileReference; fileEncoding = 4; lastKnownFileType = sourcecode.c.h; path = SBJSON.h; sourceTree = "<group>"; };
		DD852968120E7C8000CA061C /* SBJSON.m */ = {isa = PBXFileReference; fileEncoding = 4; lastKnownFileType = sourcecode.c.objc; path = SBJSON.m; sourceTree = "<group>"; };
		DD852969120E7C8000CA061C /* SBJsonBase.h */ = {isa = PBXFileReference; fileEncoding = 4; lastKnownFileType = sourcecode.c.h; path = SBJsonBase.h; sourceTree = "<group>"; };
		DD85296A120E7C8000CA061C /* SBJsonBase.m */ = {isa = PBXFileReference; fileEncoding = 4; lastKnownFileType = sourcecode.c.objc; path = SBJsonBase.m; sourceTree = "<group>"; };
		DD85296B120E7C8000CA061C /* SBJsonParser.h */ = {isa = PBXFileReference; fileEncoding = 4; lastKnownFileType = sourcecode.c.h; path = SBJsonParser.h; sourceTree = "<group>"; };
		DD85296C120E7C8000CA061C /* SBJsonParser.m */ = {isa = PBXFileReference; fileEncoding = 4; lastKnownFileType = sourcecode.c.objc; path = SBJsonParser.m; sourceTree = "<group>"; };
		DD85296D120E7C8000CA061C /* SBJsonWriter.h */ = {isa = PBXFileReference; fileEncoding = 4; lastKnownFileType = sourcecode.c.h; path = SBJsonWriter.h; sourceTree = "<group>"; };
		DD85296E120E7C8000CA061C /* SBJsonWriter.m */ = {isa = PBXFileReference; fileEncoding = 4; lastKnownFileType = sourcecode.c.objc; path = SBJsonWriter.m; sourceTree = "<group>"; };
		DD852988120E840F00CA061C /* ExJson.h */ = {isa = PBXFileReference; fileEncoding = 4; lastKnownFileType = sourcecode.c.h; path = ExJson.h; sourceTree = "<group>"; };
		DD852989120E840F00CA061C /* ExJson.m */ = {isa = PBXFileReference; fileEncoding = 4; lastKnownFileType = sourcecode.c.objc; path = ExJson.m; sourceTree = "<group>"; };
		DD852A6D120EAAB000CA061C /* MediaPlayer.framework */ = {isa = PBXFileReference; lastKnownFileType = wrapper.framework; name = MediaPlayer.framework; path = System/Library/Frameworks/MediaPlayer.framework; sourceTree = SDKROOT; };
		DDA3A47E120D4B2D00375DA1 /* MyTime.h */ = {isa = PBXFileReference; fileEncoding = 4; lastKnownFileType = sourcecode.c.h; path = MyTime.h; sourceTree = "<group>"; };
		DDA3A47F120D4B2D00375DA1 /* MyTime.m */ = {isa = PBXFileReference; fileEncoding = 4; lastKnownFileType = sourcecode.c.objc; path = MyTime.m; sourceTree = "<group>"; };
		DDA3A4D4120D4FE300375DA1 /* MyMusic.h */ = {isa = PBXFileReference; fileEncoding = 4; lastKnownFileType = sourcecode.c.h; path = MyMusic.h; sourceTree = "<group>"; };
		DDA3A4D5120D4FE300375DA1 /* MyMusic.m */ = {isa = PBXFileReference; fileEncoding = 4; lastKnownFileType = sourcecode.c.objc; path = MyMusic.m; sourceTree = "<group>"; };
/* End PBXFileReference section */

/* Begin PBXFrameworksBuildPhase section */
		1D60588F0D05DD3D006BFB54 /* Frameworks */ = {
			isa = PBXFrameworksBuildPhase;
			buildActionMask = 2147483647;
			files = (
				1D60589F0D05DD5A006BFB54 /* Foundation.framework in Frameworks */,
				1DF5F4E00D08C38300B7A737 /* UIKit.framework in Frameworks */,
				288765A50DF7441C002DB57D /* CoreGraphics.framework in Frameworks */,
				DD852A6E120EAAB000CA061C /* MediaPlayer.framework in Frameworks */,
			);
			runOnlyForDeploymentPostprocessing = 0;
		};
/* End PBXFrameworksBuildPhase section */

/* Begin PBXGroup section */
		080E96DDFE201D6D7F000001 /* Classes */ = {
			isa = PBXGroup;
			children = (
				1D3623240D0F684500981E51 /* MyLibAppDelegate.h */,
				1D3623250D0F684500981E51 /* MyLibAppDelegate.m */,
				28D7ACF60DDB3853001CB0EB /* MyLibViewController.h */,
				28D7ACF70DDB3853001CB0EB /* MyLibViewController.m */,
				DDA3A47E120D4B2D00375DA1 /* MyTime.h */,
				DDA3A47F120D4B2D00375DA1 /* MyTime.m */,
				DDA3A4D4120D4FE300375DA1 /* MyMusic.h */,
				DDA3A4D5120D4FE300375DA1 /* MyMusic.m */,
				DD852916120E78E100CA061C /* MyWeb.h */,
				DD852917120E78E100CA061C /* MyWeb.m */,
			);
			path = Classes;
			sourceTree = "<group>";
		};
		19C28FACFE9D520D11CA2CBB /* Products */ = {
			isa = PBXGroup;
			children = (
				1D6058910D05DD3D006BFB54 /* MyLib.app */,
			);
			name = Products;
			sourceTree = "<group>";
		};
		29B97314FDCFA39411CA2CEA /* CustomTemplate */ = {
			isa = PBXGroup;
			children = (
				DD852987120E83F300CA061C /* example */,
				DD852953120E7C5700CA061C /* OtherLib */,
				080E96DDFE201D6D7F000001 /* Classes */,
				29B97315FDCFA39411CA2CEA /* Other Sources */,
				29B97317FDCFA39411CA2CEA /* Resources */,
				29B97323FDCFA39411CA2CEA /* Frameworks */,
				19C28FACFE9D520D11CA2CBB /* Products */,
			);
			name = CustomTemplate;
			sourceTree = "<group>";
		};
		29B97315FDCFA39411CA2CEA /* Other Sources */ = {
			isa = PBXGroup;
			children = (
				32CA4F630368D1EE00C91783 /* MyLib_Prefix.pch */,
				29B97316FDCFA39411CA2CEA /* main.m */,
			);
			name = "Other Sources";
			sourceTree = "<group>";
		};
		29B97317FDCFA39411CA2CEA /* Resources */ = {
			isa = PBXGroup;
			children = (
				2899E5210DE3E06400AC0155 /* MyLibViewController.xib */,
				28AD733E0D9D9553002E5188 /* MainWindow.xib */,
				8D1107310486CEB800E47090 /* MyLib-Info.plist */,
			);
			name = Resources;
			sourceTree = "<group>";
		};
		29B97323FDCFA39411CA2CEA /* Frameworks */ = {
			isa = PBXGroup;
			children = (
				1DF5F4DF0D08C38300B7A737 /* UIKit.framework */,
				1D30AB110D05D00D00671497 /* Foundation.framework */,
				288765A40DF7441C002DB57D /* CoreGraphics.framework */,
				DD852A6D120EAAB000CA061C /* MediaPlayer.framework */,
			);
			name = Frameworks;
			sourceTree = "<group>";
		};
		DD852953120E7C5700CA061C /* OtherLib */ = {
			isa = PBXGroup;
			children = (
				DD852961120E7C8000CA061C /* JSON */,
			);
			name = OtherLib;
			sourceTree = "<group>";
		};
		DD852961120E7C8000CA061C /* JSON */ = {
			isa = PBXGroup;
			children = (
				DD852962120E7C8000CA061C /* JSON.h */,
				DD852963120E7C8000CA061C /* NSObject+SBJSON.h */,
				DD852964120E7C8000CA061C /* NSObject+SBJSON.m */,
				DD852965120E7C8000CA061C /* NSString+SBJSON.h */,
				DD852966120E7C8000CA061C /* NSString+SBJSON.m */,
				DD852967120E7C8000CA061C /* SBJSON.h */,
				DD852968120E7C8000CA061C /* SBJSON.m */,
				DD852969120E7C8000CA061C /* SBJsonBase.h */,
				DD85296A120E7C8000CA061C /* SBJsonBase.m */,
				DD85296B120E7C8000CA061C /* SBJsonParser.h */,
				DD85296C120E7C8000CA061C /* SBJsonParser.m */,
				DD85296D120E7C8000CA061C /* SBJsonWriter.h */,
				DD85296E120E7C8000CA061C /* SBJsonWriter.m */,
			);
			path = JSON;
			sourceTree = "<group>";
		};
		DD852987120E83F300CA061C /* example */ = {
			isa = PBXGroup;
			children = (
				DD852988120E840F00CA061C /* ExJson.h */,
				DD852989120E840F00CA061C /* ExJson.m */,
			);
			name = example;
			sourceTree = "<group>";
		};
/* End PBXGroup section */

/* Begin PBXNativeTarget section */
		1D6058900D05DD3D006BFB54 /* MyLib */ = {
			isa = PBXNativeTarget;
			buildConfigurationList = 1D6058960D05DD3E006BFB54 /* Build configuration list for PBXNativeTarget "MyLib" */;
			buildPhases = (
				1D60588D0D05DD3D006BFB54 /* Resources */,
				1D60588E0D05DD3D006BFB54 /* Sources */,
				1D60588F0D05DD3D006BFB54 /* Frameworks */,
			);
			buildRules = (
			);
			dependencies = (
			);
			name = MyLib;
			productName = MyLib;
			productReference = 1D6058910D05DD3D006BFB54 /* MyLib.app */;
			productType = "com.apple.product-type.application";
		};
/* End PBXNativeTarget section */

/* Begin PBXProject section */
		29B97313FDCFA39411CA2CEA /* Project object */ = {
			isa = PBXProject;
			buildConfigurationList = C01FCF4E08A954540054247B /* Build configuration list for PBXProject "MyLib" */;
			compatibilityVersion = "Xcode 3.1";
			hasScannedForEncodings = 1;
			mainGroup = 29B97314FDCFA39411CA2CEA /* CustomTemplate */;
			projectDirPath = "";
			projectRoot = "";
			targets = (
				1D6058900D05DD3D006BFB54 /* MyLib */,
			);
		};
/* End PBXProject section */

/* Begin PBXResourcesBuildPhase section */
		1D60588D0D05DD3D006BFB54 /* Resources */ = {
			isa = PBXResourcesBuildPhase;
			buildActionMask = 2147483647;
			files = (
				28AD733F0D9D9553002E5188 /* MainWindow.xib in Resources */,
				2899E5220DE3E06400AC0155 /* MyLibViewController.xib in Resources */,
			);
			runOnlyForDeploymentPostprocessing = 0;
		};
/* End PBXResourcesBuildPhase section */

/* Begin PBXSourcesBuildPhase section */
		1D60588E0D05DD3D006BFB54 /* Sources */ = {
			isa = PBXSourcesBuildPhase;
			buildActionMask = 2147483647;
			files = (
				1D60589B0D05DD56006BFB54 /* main.m in Sources */,
				1D3623260D0F684500981E51 /* MyLibAppDelegate.m in Sources */,
				28D7ACF80DDB3853001CB0EB /* MyLibViewController.m in Sources */,
				DDA3A480120D4B2D00375DA1 /* MyTime.m in Sources */,
				DDA3A4D6120D4FE300375DA1 /* MyMusic.m in Sources */,
				DD852918120E78E100CA061C /* MyWeb.m in Sources */,
				DD85296F120E7C8000CA061C /* NSObject+SBJSON.m in Sources */,
				DD852970120E7C8000CA061C /* NSString+SBJSON.m in Sources */,
				DD852971120E7C8000CA061C /* SBJSON.m in Sources */,
				DD852972120E7C8000CA061C /* SBJsonBase.m in Sources */,
				DD852973120E7C8000CA061C /* SBJsonParser.m in Sources */,
				DD852974120E7C8000CA061C /* SBJsonWriter.m in Sources */,
				DD85298A120E840F00CA061C /* ExJson.m in Sources */,
			);
			runOnlyForDeploymentPostprocessing = 0;
		};
/* End PBXSourcesBuildPhase section */

/* Begin XCBuildConfiguration section */
		1D6058940D05DD3E006BFB54 /* Debug */ = {
			isa = XCBuildConfiguration;
			buildSettings = {
				ALWAYS_SEARCH_USER_PATHS = NO;
				COPY_PHASE_STRIP = NO;
				GCC_DYNAMIC_NO_PIC = NO;
				GCC_OPTIMIZATION_LEVEL = 0;
				GCC_PRECOMPILE_PREFIX_HEADER = YES;
				GCC_PREFIX_HEADER = MyLib_Prefix.pch;
				INFOPLIST_FILE = "MyLib-Info.plist";
				PRODUCT_NAME = MyLib;
			};
			name = Debug;
		};
		1D6058950D05DD3E006BFB54 /* Release */ = {
			isa = XCBuildConfiguration;
			buildSettings = {
				ALWAYS_SEARCH_USER_PATHS = NO;
				COPY_PHASE_STRIP = YES;
				GCC_PRECOMPILE_PREFIX_HEADER = YES;
				GCC_PREFIX_HEADER = MyLib_Prefix.pch;
				INFOPLIST_FILE = "MyLib-Info.plist";
				PRODUCT_NAME = MyLib;
				VALIDATE_PRODUCT = YES;
			};
			name = Release;
		};
		C01FCF4F08A954540054247B /* Debug */ = {
			isa = XCBuildConfiguration;
			buildSettings = {
				ARCHS = "$(ARCHS_STANDARD_32_BIT)";
				"CODE_SIGN_IDENTITY[sdk=iphoneos*]" = "iPhone Developer";
				GCC_C_LANGUAGE_STANDARD = c99;
				GCC_WARN_ABOUT_RETURN_TYPE = YES;
				GCC_WARN_UNUSED_VARIABLE = YES;
				PREBINDING = NO;
				SDKROOT = iphoneos4.0;
			};
			name = Debug;
		};
		C01FCF5008A954540054247B /* Release */ = {
			isa = XCBuildConfiguration;
			buildSettings = {
				ARCHS = "$(ARCHS_STANDARD_32_BIT)";
				"CODE_SIGN_IDENTITY[sdk=iphoneos*]" = "iPhone Developer";
				GCC_C_LANGUAGE_STANDARD = c99;
				GCC_WARN_ABOUT_RETURN_TYPE = YES;
				GCC_WARN_UNUSED_VARIABLE = YES;
				OTHER_CFLAGS = "-DNS_BLOCK_ASSERTIONS=1";
				PREBINDING = NO;
				SDKROOT = iphoneos4.0;
			};
			name = Release;
		};
/* End XCBuildConfiguration section */

/* Begin XCConfigurationList section */
		1D6058960D05DD3E006BFB54 /* Build configuration list for PBXNativeTarget "MyLib" */ = {
			isa = XCConfigurationList;
			buildConfigurations = (
				1D6058940D05DD3E006BFB54 /* Debug */,
				1D6058950D05DD3E006BFB54 /* Release */,
			);
			defaultConfigurationIsVisible = 0;
			defaultConfigurationName = Release;
		};
		C01FCF4E08A954540054247B /* Build configuration list for PBXProject "MyLib" */ = {
			isa = XCConfigurationList;
			buildConfigurations = (
				C01FCF4F08A954540054247B /* Debug */,
				C01FCF5008A954540054247B /* Release */,
			);
			defaultConfigurationIsVisible = 0;
			defaultConfigurationName = Release;
		};
/* End XCConfigurationList section */
	};
	rootObject = 29B97313FDCFA39411CA2CEA /* Project object */;
}
