// !$*UTF8*$!
{
	archiveVersion = 1;
	classes = {
	};
	objectVersion = 45;
	objects = {

/* Begin PBXBuildFile section */
		1D3623260D0F684500981E51 /* MyLibAppDelegate.m in Sources */ = {isa = PBXBuildFile; fileRef = 1D3623250D0F684500981E51 /* MyLibAppDelegate.m */; };
		1D60589B0D05DD56006BFB54 /* main.m in Sources */ = {isa = PBXBuildFile; fileRef = 29B97316FDCFA39411CA2CEA /* main.m */; };
		1D60589F0D05DD5A006BFB54 /* Foundation.framework in Frameworks */ = {isa = PBXBuildFile; fileRef = 1D30AB110D05D00D00671497 /* Foundation.framework */; };
		1DF5F4E00D08C38300B7A737 /* UIKit.framework in Frameworks */ = {isa = PBXBuildFile; fileRef = 1DF5F4DF0D08C38300B7A737 /* UIKit.framework */; };
		288765A50DF7441C002DB57D /* CoreGraphics.framework in Frameworks */ = {isa = PBXBuildFile; fileRef = 288765A40DF7441C002DB57D /* CoreGraphics.framework */; };
		2899E5220DE3E06400AC0155 /* MyLibViewController.xib in Resources */ = {isa = PBXBuildFile; fileRef = 2899E5210DE3E06400AC0155 /* MyLibViewController.xib */; };
		28AD733F0D9D9553002E5188 /* MainWindow.xib in Resources */ = {isa = PBXBuildFile; fileRef = 28AD733E0D9D9553002E5188 /* MainWindow.xib */; };
		28D7ACF80DDB3853001CB0EB /* MyLibViewController.m in Sources */ = {isa = PBXBuildFile; fileRef = 28D7ACF70DDB3853001CB0EB /* MyLibViewController.m */; };
		DD6C825812159B7200EED4B3 /* TwitterTestViewController.m in Sources */ = {isa = PBXBuildFile; fileRef = DD6C825612159B7200EED4B3 /* TwitterTestViewController.m */; };
		DD6C825912159B7200EED4B3 /* TwitterTestViewController.xib in Resources */ = {isa = PBXBuildFile; fileRef = DD6C825712159B7200EED4B3 /* TwitterTestViewController.xib */; };
		DD852918120E78E100CA061C /* MyWeb.m in Sources */ = {isa = PBXBuildFile; fileRef = DD852917120E78E100CA061C /* MyWeb.m */; };
		DD85296F120E7C8000CA061C /* NSObject+SBJSON.m in Sources */ = {isa = PBXBuildFile; fileRef = DD852964120E7C8000CA061C /* NSObject+SBJSON.m */; };
		DD852970120E7C8000CA061C /* NSString+SBJSON.m in Sources */ = {isa = PBXBuildFile; fileRef = DD852966120E7C8000CA061C /* NSString+SBJSON.m */; };
		DD852971120E7C8000CA061C /* SBJSON.m in Sources */ = {isa = PBXBuildFile; fileRef = DD852968120E7C8000CA061C /* SBJSON.m */; };
		DD852972120E7C8000CA061C /* SBJsonBase.m in Sources */ = {isa = PBXBuildFile; fileRef = DD85296A120E7C8000CA061C /* SBJsonBase.m */; };
		DD852973120E7C8000CA061C /* SBJsonParser.m in Sources */ = {isa = PBXBuildFile; fileRef = DD85296C120E7C8000CA061C /* SBJsonParser.m */; };
		DD852974120E7C8000CA061C /* SBJsonWriter.m in Sources */ = {isa = PBXBuildFile; fileRef = DD85296E120E7C8000CA061C /* SBJsonWriter.m */; };
		DD85298A120E840F00CA061C /* ExJson.m in Sources */ = {isa = PBXBuildFile; fileRef = DD852989120E840F00CA061C /* ExJson.m */; };
		DD852A6E120EAAB000CA061C /* MediaPlayer.framework in Frameworks */ = {isa = PBXBuildFile; fileRef = DD852A6D120EAAB000CA061C /* MediaPlayer.framework */; };
		DD8A8E5512130DEC001E3C45 /* createXcodeTemplate in Resources */ = {isa = PBXBuildFile; fileRef = DD8A8E5412130DEC001E3C45 /* createXcodeTemplate */; };
		DD8D4E6C12130547005015E2 /* navigationBar in Resources */ = {isa = PBXBuildFile; fileRef = DD8D4E6B12130547005015E2 /* navigationBar */; };
		DDA3A480120D4B2D00375DA1 /* MyTime.m in Sources */ = {isa = PBXBuildFile; fileRef = DDA3A47F120D4B2D00375DA1 /* MyTime.m */; };
		DDA3A4D6120D4FE300375DA1 /* MyMusic.m in Sources */ = {isa = PBXBuildFile; fileRef = DDA3A4D5120D4FE300375DA1 /* MyMusic.m */; };
		DDB86D391210560A00D92475 /* adHocDistribution in Resources */ = {isa = PBXBuildFile; fileRef = DDB86D381210560A00D92475 /* adHocDistribution */; };
		DDF374AC12157FA000C88E32 /* SA_OAuthTwitterController.m in Sources */ = {isa = PBXBuildFile; fileRef = DDF374A812157FA000C88E32 /* SA_OAuthTwitterController.m */; };
		DDF374AD12157FA000C88E32 /* SA_OAuthTwitterEngine.m in Sources */ = {isa = PBXBuildFile; fileRef = DDF374AA12157FA000C88E32 /* SA_OAuthTwitterEngine.m */; };
		DDF374AE12157FA000C88E32 /* twitter_load.png in Resources */ = {isa = PBXBuildFile; fileRef = DDF374AB12157FA000C88E32 /* twitter_load.png */; };
		DDF374D012157FD200C88E32 /* MGTwitterEngine.m in Sources */ = {isa = PBXBuildFile; fileRef = DDF374B112157FD200C88E32 /* MGTwitterEngine.m */; };
		DDF374D112157FD200C88E32 /* MGTwitterHTTPURLConnection.m in Sources */ = {isa = PBXBuildFile; fileRef = DDF374B512157FD200C88E32 /* MGTwitterHTTPURLConnection.m */; };
		DDF374D212157FD200C88E32 /* MGTwitterLibXMLParser.m in Sources */ = {isa = PBXBuildFile; fileRef = DDF374B712157FD200C88E32 /* MGTwitterLibXMLParser.m */; };
		DDF374D312157FD200C88E32 /* MGTwitterMessagesLibXMLParser.m in Sources */ = {isa = PBXBuildFile; fileRef = DDF374B912157FD200C88E32 /* MGTwitterMessagesLibXMLParser.m */; };
		DDF374D412157FD200C88E32 /* MGTwitterMessagesParser.m in Sources */ = {isa = PBXBuildFile; fileRef = DDF374BB12157FD200C88E32 /* MGTwitterMessagesParser.m */; };
		DDF374D512157FD200C88E32 /* MGTwitterMiscLibXMLParser.m in Sources */ = {isa = PBXBuildFile; fileRef = DDF374BD12157FD200C88E32 /* MGTwitterMiscLibXMLParser.m */; };
		DDF374D612157FD200C88E32 /* MGTwitterMiscParser.m in Sources */ = {isa = PBXBuildFile; fileRef = DDF374BF12157FD200C88E32 /* MGTwitterMiscParser.m */; };
		DDF374D712157FD200C88E32 /* MGTwitterStatusesLibXMLParser.m in Sources */ = {isa = PBXBuildFile; fileRef = DDF374C312157FD200C88E32 /* MGTwitterStatusesLibXMLParser.m */; };
		DDF374D812157FD200C88E32 /* MGTwitterStatusesParser.m in Sources */ = {isa = PBXBuildFile; fileRef = DDF374C512157FD200C88E32 /* MGTwitterStatusesParser.m */; };
		DDF374D912157FD200C88E32 /* MGTwitterUsersLibXMLParser.m in Sources */ = {isa = PBXBuildFile; fileRef = DDF374C712157FD200C88E32 /* MGTwitterUsersLibXMLParser.m */; };
		DDF374DA12157FD200C88E32 /* MGTwitterUsersParser.m in Sources */ = {isa = PBXBuildFile; fileRef = DDF374C912157FD200C88E32 /* MGTwitterUsersParser.m */; };
		DDF374DB12157FD200C88E32 /* MGTwitterXMLParser.m in Sources */ = {isa = PBXBuildFile; fileRef = DDF374CB12157FD200C88E32 /* MGTwitterXMLParser.m */; };
		DDF374DC12157FD200C88E32 /* NSData+Base64.m in Sources */ = {isa = PBXBuildFile; fileRef = DDF374CD12157FD200C88E32 /* NSData+Base64.m */; };
		DDF374DD12157FD200C88E32 /* NSString+UUID.m in Sources */ = {isa = PBXBuildFile; fileRef = DDF374CF12157FD200C88E32 /* NSString+UUID.m */; };
		DDF374F21215802600C88E32 /* jQueryInject.txt in Resources */ = {isa = PBXBuildFile; fileRef = DDF374DF1215802600C88E32 /* jQueryInject.txt */; };
		DDF374F31215802600C88E32 /* jQueryInjectLandscape.txt in Resources */ = {isa = PBXBuildFile; fileRef = DDF374E01215802600C88E32 /* jQueryInjectLandscape.txt */; };
		DDF374F41215802600C88E32 /* libOAuth.a in Frameworks */ = {isa = PBXBuildFile; fileRef = DDF374E21215802600C88E32 /* libOAuth.a */; };
		DDF3755B121580E700C88E32 /* twitterNote in Resources */ = {isa = PBXBuildFile; fileRef = DDF3755A121580E700C88E32 /* twitterNote */; };
/* End PBXBuildFile section */

/* Begin PBXFileReference section */
		1D30AB110D05D00D00671497 /* Foundation.framework */ = {isa = PBXFileReference; lastKnownFileType = wrapper.framework; name = Foundation.framework; path = System/Library/Frameworks/Foundation.framework; sourceTree = SDKROOT; };
		1D3623240D0F684500981E51 /* MyLibAppDelegate.h */ = {isa = PBXFileReference; fileEncoding = 4; lastKnownFileType = sourcecode.c.h; path = MyLibAppDelegate.h; sourceTree = "<group>"; };
		1D3623250D0F684500981E51 /* MyLibAppDelegate.m */ = {isa = PBXFileReference; fileEncoding = 4; lastKnownFileType = sourcecode.c.objc; path = MyLibAppDelegate.m; sourceTree = "<group>"; };
		1D6058910D05DD3D006BFB54 /* MyLib.app */ = {isa = PBXFileReference; explicitFileType = wrapper.application; includeInIndex = 0; path = MyLib.app; sourceTree = BUILT_PRODUCTS_DIR; };
		1DF5F4DF0D08C38300B7A737 /* UIKit.framework */ = {isa = PBXFileReference; lastKnownFileType = wrapper.framework; name = UIKit.framework; path = System/Library/Frameworks/UIKit.framework; sourceTree = SDKROOT; };
		288765A40DF7441C002DB57D /* CoreGraphics.framework */ = {isa = PBXFileReference; lastKnownFileType = wrapper.framework; name = CoreGraphics.framework; path = System/Library/Frameworks/CoreGraphics.framework; sourceTree = SDKROOT; };
		2899E5210DE3E06400AC0155 /* MyLibViewController.xib */ = {isa = PBXFileReference; lastKnownFileType = file.xib; path = MyLibViewController.xib; sourceTree = "<group>"; };
		28AD733E0D9D9553002E5188 /* MainWindow.xib */ = {isa = PBXFileReference; lastKnownFileType = file.xib; path = MainWindow.xib; sourceTree = "<group>"; };
		28D7ACF60DDB3853001CB0EB /* MyLibViewController.h */ = {isa = PBXFileReference; fileEncoding = 4; lastKnownFileType = sourcecode.c.h; path = MyLibViewController.h; sourceTree = "<group>"; };
		28D7ACF70DDB3853001CB0EB /* MyLibViewController.m */ = {isa = PBXFileReference; fileEncoding = 4; lastKnownFileType = sourcecode.c.objc; path = MyLibViewController.m; sourceTree = "<group>"; };
		29B97316FDCFA39411CA2CEA /* main.m */ = {isa = PBXFileReference; fileEncoding = 4; lastKnownFileType = sourcecode.c.objc; path = main.m; sourceTree = "<group>"; };
		32CA4F630368D1EE00C91783 /* MyLib_Prefix.pch */ = {isa = PBXFileReference; fileEncoding = 4; lastKnownFileType = sourcecode.c.h; path = MyLib_Prefix.pch; sourceTree = "<group>"; };
		8D1107310486CEB800E47090 /* MyLib-Info.plist */ = {isa = PBXFileReference; fileEncoding = 4; lastKnownFileType = text.plist.xml; path = "MyLib-Info.plist"; plistStructureDefinitionIdentifier = "com.apple.xcode.plist.structure-definition.iphone.info-plist"; sourceTree = "<group>"; };
		DD6C825512159B7200EED4B3 /* TwitterTestViewController.h */ = {isa = PBXFileReference; fileEncoding = 4; lastKnownFileType = sourcecode.c.h; path = TwitterTestViewController.h; sourceTree = "<group>"; };
		DD6C825612159B7200EED4B3 /* TwitterTestViewController.m */ = {isa = PBXFileReference; fileEncoding = 4; lastKnownFileType = sourcecode.c.objc; path = TwitterTestViewController.m; sourceTree = "<group>"; };
		DD6C825712159B7200EED4B3 /* TwitterTestViewController.xib */ = {isa = PBXFileReference; lastKnownFileType = file.xib; path = TwitterTestViewController.xib; sourceTree = "<group>"; };
		DD852916120E78E100CA061C /* MyWeb.h */ = {isa = PBXFileReference; fileEncoding = 4; lastKnownFileType = sourcecode.c.h; path = MyWeb.h; sourceTree = "<group>"; };
		DD852917120E78E100CA061C /* MyWeb.m */ = {isa = PBXFileReference; fileEncoding = 4; lastKnownFileType = sourcecode.c.objc; path = MyWeb.m; sourceTree = "<group>"; };
		DD852962120E7C8000CA061C /* JSON.h */ = {isa = PBXFileReference; fileEncoding = 4; lastKnownFileType = sourcecode.c.h; path = JSON.h; sourceTree = "<group>"; };
		DD852963120E7C8000CA061C /* NSObject+SBJSON.h */ = {isa = PBXFileReference; fileEncoding = 4; lastKnownFileType = sourcecode.c.h; path = "NSObject+SBJSON.h"; sourceTree = "<group>"; };
		DD852964120E7C8000CA061C /* NSObject+SBJSON.m */ = {isa = PBXFileReference; fileEncoding = 4; lastKnownFileType = sourcecode.c.objc; path = "NSObject+SBJSON.m"; sourceTree = "<group>"; };
		DD852965120E7C8000CA061C /* NSString+SBJSON.h */ = {isa = PBXFileReference; fileEncoding = 4; lastKnownFileType = sourcecode.c.h; path = "NSString+SBJSON.h"; sourceTree = "<group>"; };
		DD852966120E7C8000CA061C /* NSString+SBJSON.m */ = {isa = PBXFileReference; fileEncoding = 4; lastKnownFileType = sourcecode.c.objc; path = "NSString+SBJSON.m"; sourceTree = "<group>"; };
		DD852967120E7C8000CA061C /* SBJSON.h */ = {isa = PBXFileReference; fileEncoding = 4; lastKnownFileType = sourcecode.c.h; path = SBJSON.h; sourceTree = "<group>"; };
		DD852968120E7C8000CA061C /* SBJSON.m */ = {isa = PBXFileReference; fileEncoding = 4; lastKnownFileType = sourcecode.c.objc; path = SBJSON.m; sourceTree = "<group>"; };
		DD852969120E7C8000CA061C /* SBJsonBase.h */ = {isa = PBXFileReference; fileEncoding = 4; lastKnownFileType = sourcecode.c.h; path = SBJsonBase.h; sourceTree = "<group>"; };
		DD85296A120E7C8000CA061C /* SBJsonBase.m */ = {isa = PBXFileReference; fileEncoding = 4; lastKnownFileType = sourcecode.c.objc; path = SBJsonBase.m; sourceTree = "<group>"; };
		DD85296B120E7C8000CA061C /* SBJsonParser.h */ = {isa = PBXFileReference; fileEncoding = 4; lastKnownFileType = sourcecode.c.h; path = SBJsonParser.h; sourceTree = "<group>"; };
		DD85296C120E7C8000CA061C /* SBJsonParser.m */ = {isa = PBXFileReference; fileEncoding = 4; lastKnownFileType = sourcecode.c.objc; path = SBJsonParser.m; sourceTree = "<group>"; };
		DD85296D120E7C8000CA061C /* SBJsonWriter.h */ = {isa = PBXFileReference; fileEncoding = 4; lastKnownFileType = sourcecode.c.h; path = SBJsonWriter.h; sourceTree = "<group>"; };
		DD85296E120E7C8000CA061C /* SBJsonWriter.m */ = {isa = PBXFileReference; fileEncoding = 4; lastKnownFileType = sourcecode.c.objc; path = SBJsonWriter.m; sourceTree = "<group>"; };
		DD852988120E840F00CA061C /* ExJson.h */ = {isa = PBXFileReference; fileEncoding = 4; lastKnownFileType = sourcecode.c.h; path = ExJson.h; sourceTree = "<group>"; };
		DD852989120E840F00CA061C /* ExJson.m */ = {isa = PBXFileReference; fileEncoding = 4; lastKnownFileType = sourcecode.c.objc; path = ExJson.m; sourceTree = "<group>"; };
		DD852A6D120EAAB000CA061C /* MediaPlayer.framework */ = {isa = PBXFileReference; lastKnownFileType = wrapper.framework; name = MediaPlayer.framework; path = System/Library/Frameworks/MediaPlayer.framework; sourceTree = SDKROOT; };
		DD8A8E5412130DEC001E3C45 /* createXcodeTemplate */ = {isa = PBXFileReference; fileEncoding = 4; lastKnownFileType = text; path = createXcodeTemplate; sourceTree = "<group>"; };
		DD8D4E6B12130547005015E2 /* navigationBar */ = {isa = PBXFileReference; fileEncoding = 4; lastKnownFileType = text; path = navigationBar; sourceTree = "<group>"; };
		DDA3A47E120D4B2D00375DA1 /* MyTime.h */ = {isa = PBXFileReference; fileEncoding = 4; lastKnownFileType = sourcecode.c.h; path = MyTime.h; sourceTree = "<group>"; };
		DDA3A47F120D4B2D00375DA1 /* MyTime.m */ = {isa = PBXFileReference; fileEncoding = 4; lastKnownFileType = sourcecode.c.objc; path = MyTime.m; sourceTree = "<group>"; };
		DDA3A4D4120D4FE300375DA1 /* MyMusic.h */ = {isa = PBXFileReference; fileEncoding = 4; lastKnownFileType = sourcecode.c.h; path = MyMusic.h; sourceTree = "<group>"; };
		DDA3A4D5120D4FE300375DA1 /* MyMusic.m */ = {isa = PBXFileReference; fileEncoding = 4; lastKnownFileType = sourcecode.c.objc; path = MyMusic.m; sourceTree = "<group>"; };
		DDB86D381210560A00D92475 /* adHocDistribution */ = {isa = PBXFileReference; fileEncoding = 4; lastKnownFileType = text; path = adHocDistribution; sourceTree = "<group>"; };
		DDF374A712157FA000C88E32 /* SA_OAuthTwitterController.h */ = {isa = PBXFileReference; fileEncoding = 4; lastKnownFileType = sourcecode.c.h; path = SA_OAuthTwitterController.h; sourceTree = "<group>"; };
		DDF374A812157FA000C88E32 /* SA_OAuthTwitterController.m */ = {isa = PBXFileReference; fileEncoding = 4; lastKnownFileType = sourcecode.c.objc; path = SA_OAuthTwitterController.m; sourceTree = "<group>"; };
		DDF374A912157FA000C88E32 /* SA_OAuthTwitterEngine.h */ = {isa = PBXFileReference; fileEncoding = 4; lastKnownFileType = sourcecode.c.h; path = SA_OAuthTwitterEngine.h; sourceTree = "<group>"; };
		DDF374AA12157FA000C88E32 /* SA_OAuthTwitterEngine.m */ = {isa = PBXFileReference; fileEncoding = 4; lastKnownFileType = sourcecode.c.objc; path = SA_OAuthTwitterEngine.m; sourceTree = "<group>"; };
		DDF374AB12157FA000C88E32 /* twitter_load.png */ = {isa = PBXFileReference; lastKnownFileType = image.png; path = twitter_load.png; sourceTree = "<group>"; };
		DDF374B012157FD200C88E32 /* MGTwitterEngine.h */ = {isa = PBXFileReference; fileEncoding = 4; lastKnownFileType = sourcecode.c.h; path = MGTwitterEngine.h; sourceTree = "<group>"; };
		DDF374B112157FD200C88E32 /* MGTwitterEngine.m */ = {isa = PBXFileReference; fileEncoding = 4; lastKnownFileType = sourcecode.c.objc; path = MGTwitterEngine.m; sourceTree = "<group>"; };
		DDF374B212157FD200C88E32 /* MGTwitterEngineDelegate.h */ = {isa = PBXFileReference; fileEncoding = 4; lastKnownFileType = sourcecode.c.h; path = MGTwitterEngineDelegate.h; sourceTree = "<group>"; };
		DDF374B312157FD200C88E32 /* MGTwitterEngineGlobalHeader.h */ = {isa = PBXFileReference; fileEncoding = 4; lastKnownFileType = sourcecode.c.h; path = MGTwitterEngineGlobalHeader.h; sourceTree = "<group>"; };
		DDF374B412157FD200C88E32 /* MGTwitterHTTPURLConnection.h */ = {isa = PBXFileReference; fileEncoding = 4; lastKnownFileType = sourcecode.c.h; path = MGTwitterHTTPURLConnection.h; sourceTree = "<group>"; };
		DDF374B512157FD200C88E32 /* MGTwitterHTTPURLConnection.m */ = {isa = PBXFileReference; fileEncoding = 4; lastKnownFileType = sourcecode.c.objc; path = MGTwitterHTTPURLConnection.m; sourceTree = "<group>"; };
		DDF374B612157FD200C88E32 /* MGTwitterLibXMLParser.h */ = {isa = PBXFileReference; fileEncoding = 4; lastKnownFileType = sourcecode.c.h; path = MGTwitterLibXMLParser.h; sourceTree = "<group>"; };
		DDF374B712157FD200C88E32 /* MGTwitterLibXMLParser.m */ = {isa = PBXFileReference; fileEncoding = 4; lastKnownFileType = sourcecode.c.objc; path = MGTwitterLibXMLParser.m; sourceTree = "<group>"; };
		DDF374B812157FD200C88E32 /* MGTwitterMessagesLibXMLParser.h */ = {isa = PBXFileReference; fileEncoding = 4; lastKnownFileType = sourcecode.c.h; path = MGTwitterMessagesLibXMLParser.h; sourceTree = "<group>"; };
		DDF374B912157FD200C88E32 /* MGTwitterMessagesLibXMLParser.m */ = {isa = PBXFileReference; fileEncoding = 4; lastKnownFileType = sourcecode.c.objc; path = MGTwitterMessagesLibXMLParser.m; sourceTree = "<group>"; };
		DDF374BA12157FD200C88E32 /* MGTwitterMessagesParser.h */ = {isa = PBXFileReference; fileEncoding = 4; lastKnownFileType = sourcecode.c.h; path = MGTwitterMessagesParser.h; sourceTree = "<group>"; };
		DDF374BB12157FD200C88E32 /* MGTwitterMessagesParser.m */ = {isa = PBXFileReference; fileEncoding = 4; lastKnownFileType = sourcecode.c.objc; path = MGTwitterMessagesParser.m; sourceTree = "<group>"; };
		DDF374BC12157FD200C88E32 /* MGTwitterMiscLibXMLParser.h */ = {isa = PBXFileReference; fileEncoding = 4; lastKnownFileType = sourcecode.c.h; path = MGTwitterMiscLibXMLParser.h; sourceTree = "<group>"; };
		DDF374BD12157FD200C88E32 /* MGTwitterMiscLibXMLParser.m */ = {isa = PBXFileReference; fileEncoding = 4; lastKnownFileType = sourcecode.c.objc; path = MGTwitterMiscLibXMLParser.m; sourceTree = "<group>"; };
		DDF374BE12157FD200C88E32 /* MGTwitterMiscParser.h */ = {isa = PBXFileReference; fileEncoding = 4; lastKnownFileType = sourcecode.c.h; path = MGTwitterMiscParser.h; sourceTree = "<group>"; };
		DDF374BF12157FD200C88E32 /* MGTwitterMiscParser.m */ = {isa = PBXFileReference; fileEncoding = 4; lastKnownFileType = sourcecode.c.objc; path = MGTwitterMiscParser.m; sourceTree = "<group>"; };
		DDF374C012157FD200C88E32 /* MGTwitterParserDelegate.h */ = {isa = PBXFileReference; fileEncoding = 4; lastKnownFileType = sourcecode.c.h; path = MGTwitterParserDelegate.h; sourceTree = "<group>"; };
		DDF374C112157FD200C88E32 /* MGTwitterRequestTypes.h */ = {isa = PBXFileReference; fileEncoding = 4; lastKnownFileType = sourcecode.c.h; path = MGTwitterRequestTypes.h; sourceTree = "<group>"; };
		DDF374C212157FD200C88E32 /* MGTwitterStatusesLibXMLParser.h */ = {isa = PBXFileReference; fileEncoding = 4; lastKnownFileType = sourcecode.c.h; path = MGTwitterStatusesLibXMLParser.h; sourceTree = "<group>"; };
		DDF374C312157FD200C88E32 /* MGTwitterStatusesLibXMLParser.m */ = {isa = PBXFileReference; fileEncoding = 4; lastKnownFileType = sourcecode.c.objc; path = MGTwitterStatusesLibXMLParser.m; sourceTree = "<group>"; };
		DDF374C412157FD200C88E32 /* MGTwitterStatusesParser.h */ = {isa = PBXFileReference; fileEncoding = 4; lastKnownFileType = sourcecode.c.h; path = MGTwitterStatusesParser.h; sourceTree = "<group>"; };
		DDF374C512157FD200C88E32 /* MGTwitterStatusesParser.m */ = {isa = PBXFileReference; fileEncoding = 4; lastKnownFileType = sourcecode.c.objc; path = MGTwitterStatusesParser.m; sourceTree = "<group>"; };
		DDF374C612157FD200C88E32 /* MGTwitterUsersLibXMLParser.h */ = {isa = PBXFileReference; fileEncoding = 4; lastKnownFileType = sourcecode.c.h; path = MGTwitterUsersLibXMLParser.h; sourceTree = "<group>"; };
		DDF374C712157FD200C88E32 /* MGTwitterUsersLibXMLParser.m */ = {isa = PBXFileReference; fileEncoding = 4; lastKnownFileType = sourcecode.c.objc; path = MGTwitterUsersLibXMLParser.m; sourceTree = "<group>"; };
		DDF374C812157FD200C88E32 /* MGTwitterUsersParser.h */ = {isa = PBXFileReference; fileEncoding = 4; lastKnownFileType = sourcecode.c.h; path = MGTwitterUsersParser.h; sourceTree = "<group>"; };
		DDF374C912157FD200C88E32 /* MGTwitterUsersParser.m */ = {isa = PBXFileReference; fileEncoding = 4; lastKnownFileType = sourcecode.c.objc; path = MGTwitterUsersParser.m; sourceTree = "<group>"; };
		DDF374CA12157FD200C88E32 /* MGTwitterXMLParser.h */ = {isa = PBXFileReference; fileEncoding = 4; lastKnownFileType = sourcecode.c.h; path = MGTwitterXMLParser.h; sourceTree = "<group>"; };
		DDF374CB12157FD200C88E32 /* MGTwitterXMLParser.m */ = {isa = PBXFileReference; fileEncoding = 4; lastKnownFileType = sourcecode.c.objc; path = MGTwitterXMLParser.m; sourceTree = "<group>"; };
		DDF374CC12157FD200C88E32 /* NSData+Base64.h */ = {isa = PBXFileReference; fileEncoding = 4; lastKnownFileType = sourcecode.c.h; path = "NSData+Base64.h"; sourceTree = "<group>"; };
		DDF374CD12157FD200C88E32 /* NSData+Base64.m */ = {isa = PBXFileReference; fileEncoding = 4; lastKnownFileType = sourcecode.c.objc; path = "NSData+Base64.m"; sourceTree = "<group>"; };
		DDF374CE12157FD200C88E32 /* NSString+UUID.h */ = {isa = PBXFileReference; fileEncoding = 4; lastKnownFileType = sourcecode.c.h; path = "NSString+UUID.h"; sourceTree = "<group>"; };
		DDF374CF12157FD200C88E32 /* NSString+UUID.m */ = {isa = PBXFileReference; fileEncoding = 4; lastKnownFileType = sourcecode.c.objc; path = "NSString+UUID.m"; sourceTree = "<group>"; };
		DDF374DF1215802600C88E32 /* jQueryInject.txt */ = {isa = PBXFileReference; fileEncoding = 4; lastKnownFileType = text; path = jQueryInject.txt; sourceTree = "<group>"; };
		DDF374E01215802600C88E32 /* jQueryInjectLandscape.txt */ = {isa = PBXFileReference; fileEncoding = 4; lastKnownFileType = text; path = jQueryInjectLandscape.txt; sourceTree = "<group>"; };
		DDF374E21215802600C88E32 /* libOAuth.a */ = {isa = PBXFileReference; lastKnownFileType = archive.ar; path = libOAuth.a; sourceTree = "<group>"; };
		DDF374E31215802600C88E32 /* NSMutableURLRequest+Parameters.h */ = {isa = PBXFileReference; fileEncoding = 4; lastKnownFileType = sourcecode.c.h; path = "NSMutableURLRequest+Parameters.h"; sourceTree = "<group>"; };
		DDF374E41215802600C88E32 /* NSString+URLEncoding.h */ = {isa = PBXFileReference; fileEncoding = 4; lastKnownFileType = sourcecode.c.h; path = "NSString+URLEncoding.h"; sourceTree = "<group>"; };
		DDF374E51215802600C88E32 /* NSURL+Base.h */ = {isa = PBXFileReference; fileEncoding = 4; lastKnownFileType = sourcecode.c.h; path = "NSURL+Base.h"; sourceTree = "<group>"; };
		DDF374E61215802600C88E32 /* OAAsynchronousDataFetcher.h */ = {isa = PBXFileReference; fileEncoding = 4; lastKnownFileType = sourcecode.c.h; path = OAAsynchronousDataFetcher.h; sourceTree = "<group>"; };
		DDF374E71215802600C88E32 /* OAConsumer.h */ = {isa = PBXFileReference; fileEncoding = 4; lastKnownFileType = sourcecode.c.h; path = OAConsumer.h; sourceTree = "<group>"; };
		DDF374E81215802600C88E32 /* OADataFetcher.h */ = {isa = PBXFileReference; fileEncoding = 4; lastKnownFileType = sourcecode.c.h; path = OADataFetcher.h; sourceTree = "<group>"; };
		DDF374E91215802600C88E32 /* OAHMAC_SHA1SignatureProvider.h */ = {isa = PBXFileReference; fileEncoding = 4; lastKnownFileType = sourcecode.c.h; path = OAHMAC_SHA1SignatureProvider.h; sourceTree = "<group>"; };
		DDF374EA1215802600C88E32 /* OAMutableURLRequest.h */ = {isa = PBXFileReference; fileEncoding = 4; lastKnownFileType = sourcecode.c.h; path = OAMutableURLRequest.h; sourceTree = "<group>"; };
		DDF374EB1215802600C88E32 /* OAPlaintextSignatureProvider.h */ = {isa = PBXFileReference; fileEncoding = 4; lastKnownFileType = sourcecode.c.h; path = OAPlaintextSignatureProvider.h; sourceTree = "<group>"; };
		DDF374EC1215802600C88E32 /* OARequestParameter.h */ = {isa = PBXFileReference; fileEncoding = 4; lastKnownFileType = sourcecode.c.h; path = OARequestParameter.h; sourceTree = "<group>"; };
		DDF374ED1215802600C88E32 /* OAServiceTicket.h */ = {isa = PBXFileReference; fileEncoding = 4; lastKnownFileType = sourcecode.c.h; path = OAServiceTicket.h; sourceTree = "<group>"; };
		DDF374EE1215802600C88E32 /* OASignatureProviding.h */ = {isa = PBXFileReference; fileEncoding = 4; lastKnownFileType = sourcecode.c.h; path = OASignatureProviding.h; sourceTree = "<group>"; };
		DDF374EF1215802600C88E32 /* OAToken.h */ = {isa = PBXFileReference; fileEncoding = 4; lastKnownFileType = sourcecode.c.h; path = OAToken.h; sourceTree = "<group>"; };
		DDF374F01215802600C88E32 /* OAToken_KeychainExtensions.h */ = {isa = PBXFileReference; fileEncoding = 4; lastKnownFileType = sourcecode.c.h; path = OAToken_KeychainExtensions.h; sourceTree = "<group>"; };
		DDF374F11215802600C88E32 /* OAuthConsumer.h */ = {isa = PBXFileReference; fileEncoding = 4; lastKnownFileType = sourcecode.c.h; path = OAuthConsumer.h; sourceTree = "<group>"; };
		DDF3755A121580E700C88E32 /* twitterNote */ = {isa = PBXFileReference; fileEncoding = 4; lastKnownFileType = text; path = twitterNote; sourceTree = "<group>"; };
/* End PBXFileReference section */

/* Begin PBXFrameworksBuildPhase section */
		1D60588F0D05DD3D006BFB54 /* Frameworks */ = {
			isa = PBXFrameworksBuildPhase;
			buildActionMask = 2147483647;
			files = (
				1D60589F0D05DD5A006BFB54 /* Foundation.framework in Frameworks */,
				1DF5F4E00D08C38300B7A737 /* UIKit.framework in Frameworks */,
				288765A50DF7441C002DB57D /* CoreGraphics.framework in Frameworks */,
				DD852A6E120EAAB000CA061C /* MediaPlayer.framework in Frameworks */,
				DDF374F41215802600C88E32 /* libOAuth.a in Frameworks */,
			);
			runOnlyForDeploymentPostprocessing = 0;
		};
/* End PBXFrameworksBuildPhase section */

/* Begin PBXGroup section */
		080E96DDFE201D6D7F000001 /* Classes */ = {
			isa = PBXGroup;
			children = (
				1D3623240D0F684500981E51 /* MyLibAppDelegate.h */,
				1D3623250D0F684500981E51 /* MyLibAppDelegate.m */,
				28D7ACF60DDB3853001CB0EB /* MyLibViewController.h */,
				28D7ACF70DDB3853001CB0EB /* MyLibViewController.m */,
				DDA3A47E120D4B2D00375DA1 /* MyTime.h */,
				DDA3A47F120D4B2D00375DA1 /* MyTime.m */,
				DDA3A4D4120D4FE300375DA1 /* MyMusic.h */,
				DDA3A4D5120D4FE300375DA1 /* MyMusic.m */,
				DD852916120E78E100CA061C /* MyWeb.h */,
				DD852917120E78E100CA061C /* MyWeb.m */,
			);
			path = Classes;
			sourceTree = "<group>";
		};
		19C28FACFE9D520D11CA2CBB /* Products */ = {
			isa = PBXGroup;
			children = (
				1D6058910D05DD3D006BFB54 /* MyLib.app */,
			);
			name = Products;
			sourceTree = "<group>";
		};
		29B97314FDCFA39411CA2CEA /* CustomTemplate */ = {
			isa = PBXGroup;
			children = (
				DDB86D37121055F600D92475 /* note */,
				DD852987120E83F300CA061C /* example */,
				DD852953120E7C5700CA061C /* OtherLib */,
				080E96DDFE201D6D7F000001 /* Classes */,
				29B97315FDCFA39411CA2CEA /* Other Sources */,
				29B97317FDCFA39411CA2CEA /* Resources */,
				29B97323FDCFA39411CA2CEA /* Frameworks */,
				19C28FACFE9D520D11CA2CBB /* Products */,
			);
			name = CustomTemplate;
			sourceTree = "<group>";
		};
		29B97315FDCFA39411CA2CEA /* Other Sources */ = {
			isa = PBXGroup;
			children = (
				32CA4F630368D1EE00C91783 /* MyLib_Prefix.pch */,
				29B97316FDCFA39411CA2CEA /* main.m */,
			);
			name = "Other Sources";
			sourceTree = "<group>";
		};
		29B97317FDCFA39411CA2CEA /* Resources */ = {
			isa = PBXGroup;
			children = (
				2899E5210DE3E06400AC0155 /* MyLibViewController.xib */,
				28AD733E0D9D9553002E5188 /* MainWindow.xib */,
				8D1107310486CEB800E47090 /* MyLib-Info.plist */,
			);
			name = Resources;
			sourceTree = "<group>";
		};
		29B97323FDCFA39411CA2CEA /* Frameworks */ = {
			isa = PBXGroup;
			children = (
				1DF5F4DF0D08C38300B7A737 /* UIKit.framework */,
				1D30AB110D05D00D00671497 /* Foundation.framework */,
				288765A40DF7441C002DB57D /* CoreGraphics.framework */,
				DD852A6D120EAAB000CA061C /* MediaPlayer.framework */,
			);
			name = Frameworks;
			sourceTree = "<group>";
		};
		DD852953120E7C5700CA061C /* OtherLib */ = {
			isa = PBXGroup;
			children = (
				DDF374A012157F5A00C88E32 /* Twitter */,
				DD852961120E7C8000CA061C /* JSON */,
			);
			name = OtherLib;
			sourceTree = "<group>";
		};
		DD852961120E7C8000CA061C /* JSON */ = {
			isa = PBXGroup;
			children = (
				DD852962120E7C8000CA061C /* JSON.h */,
				DD852963120E7C8000CA061C /* NSObject+SBJSON.h */,
				DD852964120E7C8000CA061C /* NSObject+SBJSON.m */,
				DD852965120E7C8000CA061C /* NSString+SBJSON.h */,
				DD852966120E7C8000CA061C /* NSString+SBJSON.m */,
				DD852967120E7C8000CA061C /* SBJSON.h */,
				DD852968120E7C8000CA061C /* SBJSON.m */,
				DD852969120E7C8000CA061C /* SBJsonBase.h */,
				DD85296A120E7C8000CA061C /* SBJsonBase.m */,
				DD85296B120E7C8000CA061C /* SBJsonParser.h */,
				DD85296C120E7C8000CA061C /* SBJsonParser.m */,
				DD85296D120E7C8000CA061C /* SBJsonWriter.h */,
				DD85296E120E7C8000CA061C /* SBJsonWriter.m */,
			);
			path = JSON;
			sourceTree = "<group>";
		};
		DD852987120E83F300CA061C /* example */ = {
			isa = PBXGroup;
			children = (
				DD852988120E840F00CA061C /* ExJson.h */,
				DD852989120E840F00CA061C /* ExJson.m */,
			);
			name = example;
			sourceTree = "<group>";
		};
		DDB86D37121055F600D92475 /* note */ = {
			isa = PBXGroup;
			children = (
				DDB86D381210560A00D92475 /* adHocDistribution */,
				DD8D4E6B12130547005015E2 /* navigationBar */,
				DD8A8E5412130DEC001E3C45 /* createXcodeTemplate */,
				DDF3755A121580E700C88E32 /* twitterNote */,
			);
			name = note;
			sourceTree = "<group>";
		};
		DDF374A012157F5A00C88E32 /* Twitter */ = {
			isa = PBXGroup;
			children = (
				DDF374DE1215802600C88E32 /* Libraries & Headers */,
				DDF374AF12157FD200C88E32 /* MGTwitterEngine */,
				DDF374A612157FA000C88E32 /* SAOAuthTwitterEngine */,
				DD6C825512159B7200EED4B3 /* TwitterTestViewController.h */,
				DD6C825612159B7200EED4B3 /* TwitterTestViewController.m */,
				DD6C825712159B7200EED4B3 /* TwitterTestViewController.xib */,
			);
			name = Twitter;
			sourceTree = "<group>";
		};
		DDF374A612157FA000C88E32 /* SAOAuthTwitterEngine */ = {
			isa = PBXGroup;
			children = (
				DDF374A712157FA000C88E32 /* SA_OAuthTwitterController.h */,
				DDF374A812157FA000C88E32 /* SA_OAuthTwitterController.m */,
				DDF374A912157FA000C88E32 /* SA_OAuthTwitterEngine.h */,
				DDF374AA12157FA000C88E32 /* SA_OAuthTwitterEngine.m */,
				DDF374AB12157FA000C88E32 /* twitter_load.png */,
			);
			path = SAOAuthTwitterEngine;
			sourceTree = "<group>";
		};
		DDF374AF12157FD200C88E32 /* MGTwitterEngine */ = {
			isa = PBXGroup;
			children = (
				DDF374B012157FD200C88E32 /* MGTwitterEngine.h */,
				DDF374B112157FD200C88E32 /* MGTwitterEngine.m */,
				DDF374B212157FD200C88E32 /* MGTwitterEngineDelegate.h */,
				DDF374B312157FD200C88E32 /* MGTwitterEngineGlobalHeader.h */,
				DDF374B412157FD200C88E32 /* MGTwitterHTTPURLConnection.h */,
				DDF374B512157FD200C88E32 /* MGTwitterHTTPURLConnection.m */,
				DDF374B612157FD200C88E32 /* MGTwitterLibXMLParser.h */,
				DDF374B712157FD200C88E32 /* MGTwitterLibXMLParser.m */,
				DDF374B812157FD200C88E32 /* MGTwitterMessagesLibXMLParser.h */,
				DDF374B912157FD200C88E32 /* MGTwitterMessagesLibXMLParser.m */,
				DDF374BA12157FD200C88E32 /* MGTwitterMessagesParser.h */,
				DDF374BB12157FD200C88E32 /* MGTwitterMessagesParser.m */,
				DDF374BC12157FD200C88E32 /* MGTwitterMiscLibXMLParser.h */,
				DDF374BD12157FD200C88E32 /* MGTwitterMiscLibXMLParser.m */,
				DDF374BE12157FD200C88E32 /* MGTwitterMiscParser.h */,
				DDF374BF12157FD200C88E32 /* MGTwitterMiscParser.m */,
				DDF374C012157FD200C88E32 /* MGTwitterParserDelegate.h */,
				DDF374C112157FD200C88E32 /* MGTwitterRequestTypes.h */,
				DDF374C212157FD200C88E32 /* MGTwitterStatusesLibXMLParser.h */,
				DDF374C312157FD200C88E32 /* MGTwitterStatusesLibXMLParser.m */,
				DDF374C412157FD200C88E32 /* MGTwitterStatusesParser.h */,
				DDF374C512157FD200C88E32 /* MGTwitterStatusesParser.m */,
				DDF374C612157FD200C88E32 /* MGTwitterUsersLibXMLParser.h */,
				DDF374C712157FD200C88E32 /* MGTwitterUsersLibXMLParser.m */,
				DDF374C812157FD200C88E32 /* MGTwitterUsersParser.h */,
				DDF374C912157FD200C88E32 /* MGTwitterUsersParser.m */,
				DDF374CA12157FD200C88E32 /* MGTwitterXMLParser.h */,
				DDF374CB12157FD200C88E32 /* MGTwitterXMLParser.m */,
				DDF374CC12157FD200C88E32 /* NSData+Base64.h */,
				DDF374CD12157FD200C88E32 /* NSData+Base64.m */,
				DDF374CE12157FD200C88E32 /* NSString+UUID.h */,
				DDF374CF12157FD200C88E32 /* NSString+UUID.m */,
			);
			path = MGTwitterEngine;
			sourceTree = "<group>";
		};
		DDF374DE1215802600C88E32 /* Libraries & Headers */ = {
			isa = PBXGroup;
			children = (
				DDF374DF1215802600C88E32 /* jQueryInject.txt */,
				DDF374E01215802600C88E32 /* jQueryInjectLandscape.txt */,
				DDF374E11215802600C88E32 /* OAuthConsumer */,
			);
			path = "Libraries & Headers";
			sourceTree = "<group>";
		};
		DDF374E11215802600C88E32 /* OAuthConsumer */ = {
			isa = PBXGroup;
			children = (
				DDF374E21215802600C88E32 /* libOAuth.a */,
				DDF374E31215802600C88E32 /* NSMutableURLRequest+Parameters.h */,
				DDF374E41215802600C88E32 /* NSString+URLEncoding.h */,
				DDF374E51215802600C88E32 /* NSURL+Base.h */,
				DDF374E61215802600C88E32 /* OAAsynchronousDataFetcher.h */,
				DDF374E71215802600C88E32 /* OAConsumer.h */,
				DDF374E81215802600C88E32 /* OADataFetcher.h */,
				DDF374E91215802600C88E32 /* OAHMAC_SHA1SignatureProvider.h */,
				DDF374EA1215802600C88E32 /* OAMutableURLRequest.h */,
				DDF374EB1215802600C88E32 /* OAPlaintextSignatureProvider.h */,
				DDF374EC1215802600C88E32 /* OARequestParameter.h */,
				DDF374ED1215802600C88E32 /* OAServiceTicket.h */,
				DDF374EE1215802600C88E32 /* OASignatureProviding.h */,
				DDF374EF1215802600C88E32 /* OAToken.h */,
				DDF374F01215802600C88E32 /* OAToken_KeychainExtensions.h */,
				DDF374F11215802600C88E32 /* OAuthConsumer.h */,
			);
			path = OAuthConsumer;
			sourceTree = "<group>";
		};
/* End PBXGroup section */

/* Begin PBXNativeTarget section */
		1D6058900D05DD3D006BFB54 /* MyLib */ = {
			isa = PBXNativeTarget;
			buildConfigurationList = 1D6058960D05DD3E006BFB54 /* Build configuration list for PBXNativeTarget "MyLib" */;
			buildPhases = (
				1D60588D0D05DD3D006BFB54 /* Resources */,
				1D60588E0D05DD3D006BFB54 /* Sources */,
				1D60588F0D05DD3D006BFB54 /* Frameworks */,
			);
			buildRules = (
			);
			dependencies = (
			);
			name = MyLib;
			productName = MyLib;
			productReference = 1D6058910D05DD3D006BFB54 /* MyLib.app */;
			productType = "com.apple.product-type.application";
		};
/* End PBXNativeTarget section */

/* Begin PBXProject section */
		29B97313FDCFA39411CA2CEA /* Project object */ = {
			isa = PBXProject;
			buildConfigurationList = C01FCF4E08A954540054247B /* Build configuration list for PBXProject "MyLib" */;
			compatibilityVersion = "Xcode 3.1";
			hasScannedForEncodings = 1;
			mainGroup = 29B97314FDCFA39411CA2CEA /* CustomTemplate */;
			projectDirPath = "";
			projectRoot = "";
			targets = (
				1D6058900D05DD3D006BFB54 /* MyLib */,
			);
		};
/* End PBXProject section */

/* Begin PBXResourcesBuildPhase section */
		1D60588D0D05DD3D006BFB54 /* Resources */ = {
			isa = PBXResourcesBuildPhase;
			buildActionMask = 2147483647;
			files = (
				28AD733F0D9D9553002E5188 /* MainWindow.xib in Resources */,
				2899E5220DE3E06400AC0155 /* MyLibViewController.xib in Resources */,
				DDB86D391210560A00D92475 /* adHocDistribution in Resources */,
				DD8D4E6C12130547005015E2 /* navigationBar in Resources */,
				DD8A8E5512130DEC001E3C45 /* createXcodeTemplate in Resources */,
				DDF374AE12157FA000C88E32 /* twitter_load.png in Resources */,
				DDF374F21215802600C88E32 /* jQueryInject.txt in Resources */,
				DDF374F31215802600C88E32 /* jQueryInjectLandscape.txt in Resources */,
				DDF3755B121580E700C88E32 /* twitterNote in Resources */,
				DD6C825912159B7200EED4B3 /* TwitterTestViewController.xib in Resources */,
			);
			runOnlyForDeploymentPostprocessing = 0;
		};
/* End PBXResourcesBuildPhase section */

/* Begin PBXSourcesBuildPhase section */
		1D60588E0D05DD3D006BFB54 /* Sources */ = {
			isa = PBXSourcesBuildPhase;
			buildActionMask = 2147483647;
			files = (
				1D60589B0D05DD56006BFB54 /* main.m in Sources */,
				1D3623260D0F684500981E51 /* MyLibAppDelegate.m in Sources */,
				28D7ACF80DDB3853001CB0EB /* MyLibViewController.m in Sources */,
				DDA3A480120D4B2D00375DA1 /* MyTime.m in Sources */,
				DDA3A4D6120D4FE300375DA1 /* MyMusic.m in Sources */,
				DD852918120E78E100CA061C /* MyWeb.m in Sources */,
				DD85296F120E7C8000CA061C /* NSObject+SBJSON.m in Sources */,
				DD852970120E7C8000CA061C /* NSString+SBJSON.m in Sources */,
				DD852971120E7C8000CA061C /* SBJSON.m in Sources */,
				DD852972120E7C8000CA061C /* SBJsonBase.m in Sources */,
				DD852973120E7C8000CA061C /* SBJsonParser.m in Sources */,
				DD852974120E7C8000CA061C /* SBJsonWriter.m in Sources */,
				DD85298A120E840F00CA061C /* ExJson.m in Sources */,
				DDF374AC12157FA000C88E32 /* SA_OAuthTwitterController.m in Sources */,
				DDF374AD12157FA000C88E32 /* SA_OAuthTwitterEngine.m in Sources */,
				DDF374D012157FD200C88E32 /* MGTwitterEngine.m in Sources */,
				DDF374D112157FD200C88E32 /* MGTwitterHTTPURLConnection.m in Sources */,
				DDF374D212157FD200C88E32 /* MGTwitterLibXMLParser.m in Sources */,
				DDF374D312157FD200C88E32 /* MGTwitterMessagesLibXMLParser.m in Sources */,
				DDF374D412157FD200C88E32 /* MGTwitterMessagesParser.m in Sources */,
				DDF374D512157FD200C88E32 /* MGTwitterMiscLibXMLParser.m in Sources */,
				DDF374D612157FD200C88E32 /* MGTwitterMiscParser.m in Sources */,
				DDF374D712157FD200C88E32 /* MGTwitterStatusesLibXMLParser.m in Sources */,
				DDF374D812157FD200C88E32 /* MGTwitterStatusesParser.m in Sources */,
				DDF374D912157FD200C88E32 /* MGTwitterUsersLibXMLParser.m in Sources */,
				DDF374DA12157FD200C88E32 /* MGTwitterUsersParser.m in Sources */,
				DDF374DB12157FD200C88E32 /* MGTwitterXMLParser.m in Sources */,
				DDF374DC12157FD200C88E32 /* NSData+Base64.m in Sources */,
				DDF374DD12157FD200C88E32 /* NSString+UUID.m in Sources */,
				DD6C825812159B7200EED4B3 /* TwitterTestViewController.m in Sources */,
			);
			runOnlyForDeploymentPostprocessing = 0;
		};
/* End PBXSourcesBuildPhase section */

/* Begin XCBuildConfiguration section */
		1D6058940D05DD3E006BFB54 /* Debug */ = {
			isa = XCBuildConfiguration;
			buildSettings = {
				ALWAYS_SEARCH_USER_PATHS = NO;
				COPY_PHASE_STRIP = NO;
				GCC_DYNAMIC_NO_PIC = NO;
				GCC_OPTIMIZATION_LEVEL = 0;
				GCC_PRECOMPILE_PREFIX_HEADER = YES;
				GCC_PREFIX_HEADER = MyLib_Prefix.pch;
				INFOPLIST_FILE = "MyLib-Info.plist";
				LIBRARY_SEARCH_PATHS = (
					"$(inherited)",
					"\"$(SRCROOT)/Libraries & Headers/OAuthConsumer\"",
				);
				PRODUCT_NAME = MyLib;
			};
			name = Debug;
		};
		1D6058950D05DD3E006BFB54 /* Release */ = {
			isa = XCBuildConfiguration;
			buildSettings = {
				ALWAYS_SEARCH_USER_PATHS = NO;
				COPY_PHASE_STRIP = YES;
				GCC_PRECOMPILE_PREFIX_HEADER = YES;
				GCC_PREFIX_HEADER = MyLib_Prefix.pch;
				INFOPLIST_FILE = "MyLib-Info.plist";
				LIBRARY_SEARCH_PATHS = (
					"$(inherited)",
					"\"$(SRCROOT)/Libraries & Headers/OAuthConsumer\"",
				);
				PRODUCT_NAME = MyLib;
				VALIDATE_PRODUCT = YES;
			};
			name = Release;
		};
		C01FCF4F08A954540054247B /* Debug */ = {
			isa = XCBuildConfiguration;
			buildSettings = {
				ARCHS = "$(ARCHS_STANDARD_32_BIT)";
				"CODE_SIGN_IDENTITY[sdk=iphoneos*]" = "iPhone Developer";
				GCC_C_LANGUAGE_STANDARD = c99;
				GCC_WARN_ABOUT_RETURN_TYPE = YES;
				GCC_WARN_UNUSED_VARIABLE = YES;
				PREBINDING = NO;
				SDKROOT = iphoneos4.0;
			};
			name = Debug;
		};
		C01FCF5008A954540054247B /* Release */ = {
			isa = XCBuildConfiguration;
			buildSettings = {
				ARCHS = "$(ARCHS_STANDARD_32_BIT)";
				"CODE_SIGN_IDENTITY[sdk=iphoneos*]" = "iPhone Developer";
				GCC_C_LANGUAGE_STANDARD = c99;
				GCC_WARN_ABOUT_RETURN_TYPE = YES;
				GCC_WARN_UNUSED_VARIABLE = YES;
				OTHER_CFLAGS = "-DNS_BLOCK_ASSERTIONS=1";
				PREBINDING = NO;
				SDKROOT = iphoneos4.0;
			};
			name = Release;
		};
/* End XCBuildConfiguration section */

/* Begin XCConfigurationList section */
		1D6058960D05DD3E006BFB54 /* Build configuration list for PBXNativeTarget "MyLib" */ = {
			isa = XCConfigurationList;
			buildConfigurations = (
				1D6058940D05DD3E006BFB54 /* Debug */,
				1D6058950D05DD3E006BFB54 /* Release */,
			);
			defaultConfigurationIsVisible = 0;
			defaultConfigurationName = Release;
		};
		C01FCF4E08A954540054247B /* Build configuration list for PBXProject "MyLib" */ = {
			isa = XCConfigurationList;
			buildConfigurations = (
				C01FCF4F08A954540054247B /* Debug */,
				C01FCF5008A954540054247B /* Release */,
			);
			defaultConfigurationIsVisible = 0;
			defaultConfigurationName = Release;
		};
/* End XCConfigurationList section */
	};
	rootObject = 29B97313FDCFA39411CA2CEA /* Project object */;
}
